
Microsoft Visual Studio Solution File, Format Version 12.00
Project("{FAE04EC0-301F-11D3-BF4B-00C04F79EFBC}") = "WebApp", "WebApp\WebApp.csproj", "{44C65B24-8195-4E7B-BA9E-0933140EFB49}"
EndProject
Project("{2150E333-8FDC-42A3-9474-1A3956D46DE8}") = "!Solution Items", "!Solution Items", "{CCB00EA2-8059-4AA1-B0DE-A2F423F6F387}"
	ProjectSection(SolutionItems) = preProject
		.gitignore = .gitignore
		README.md = README.md
		README-TECH.md = README-TECH.md
		Directory.Build.props = Directory.Build.props
	EndProjectSection
EndProject
Project("{FAE04EC0-301F-11D3-BF4B-00C04F79EFBC}") = "App.Resources", "App.Resources\App.Resources.csproj", "{8072C667-E37A-4112-ADB6-0C61B6130F28}"
EndProject
Project("{FAE04EC0-301F-11D3-BF4B-00C04F79EFBC}") = "WebApp.Tests", "WebApp.Tests\WebApp.Tests.csproj", "{C12277A1-86AF-4222-8032-655D33DDC5A4}"
EndProject
Project("{FAE04EC0-301F-11D3-BF4B-00C04F79EFBC}") = "Base.Resources", "Base.Resources\Base.Resources.csproj", "{EF24A885-7974-480C-903D-7A38504FE355}"
EndProject
Project("{FAE04EC0-301F-11D3-BF4B-00C04F79EFBC}") = "Base.Contracts", "Base.Contracts\Base.Contracts.csproj", "{91D05732-1150-45EB-8195-377A75A53E83}"
EndProject
Project("{FAE04EC0-301F-11D3-BF4B-00C04F79EFBC}") = "Base.Domain", "Base.Domain\Base.Domain.csproj", "{BB0BE1B6-E6B0-4DB8-83E9-DA92928CC2F8}"
EndProject
Project("{FAE04EC0-301F-11D3-BF4B-00C04F79EFBC}") = "Base.Helpers", "Base.Helpers\Base.Helpers.csproj", "{967631A7-6B6F-4372-8AD7-39717247E7DD}"
EndProject
Project("{FAE04EC0-301F-11D3-BF4B-00C04F79EFBC}") = "Base.DAL.Contracts", "Base.DAL.Contracts\Base.DAL.Contracts.csproj", "{B0A4ABB7-3CC5-4EEE-8B11-D1931C7F8205}"
EndProject
Project("{FAE04EC0-301F-11D3-BF4B-00C04F79EFBC}") = "Base.DAL.EF", "Base.DAL.EF\Base.DAL.EF.csproj", "{87920B71-2F60-4C9A-8A90-3FDF382EA906}"
EndProject
Project("{FAE04EC0-301F-11D3-BF4B-00C04F79EFBC}") = "Base.BLL.Contracts", "Base.BLL.Contracts\Base.BLL.Contracts.csproj", "{44574503-6513-44C6-9193-05AFA4D398F9}"
EndProject
Project("{FAE04EC0-301F-11D3-BF4B-00C04F79EFBC}") = "Base.BLL", "Base.BLL\Base.BLL.csproj", "{65130F95-BAD2-429A-8583-C7D128C5FA15}"
EndProject
Project("{FAE04EC0-301F-11D3-BF4B-00C04F79EFBC}") = "WebApp.Tests.Postgres", "WebApp.Tests.Postgres\WebApp.Tests.Postgres.csproj", "{BE596AB4-2CC9-497C-9681-52C6C9D59A7B}"
EndProject
Project("{FAE04EC0-301F-11D3-BF4B-00C04F79EFBC}") = "Modules.SharedKernel", "Modules.SharedKernel\Modules.SharedKernel.csproj", "{7FD68DEB-8B54-46C9-AF3F-67E32320C76F}"
EndProject
Project("{FAE04EC0-301F-11D3-BF4B-00C04F79EFBC}") = "Modules.Contracts", "Modules.Contracts\Modules.Contracts.csproj", "{2E10D086-B7B8-43EE-B5EA-164B3FE0C660}"
EndProject
Project("{FAE04EC0-301F-11D3-BF4B-00C04F79EFBC}") = "Modules.Abstractions", "Modules.Abstractions\Modules.Abstractions.csproj", "{04550E41-2CF5-4907-B4BB-D71D3525EED3}"
EndProject
Project("{FAE04EC0-301F-11D3-BF4B-00C04F79EFBC}") = "Users.Domain", "Users.Domain\Users.Domain.csproj", "{88BB11A4-D198-441F-8B7C-4AEF143D4173}"
EndProject
Project("{FAE04EC0-301F-11D3-BF4B-00C04F79EFBC}") = "Users.Application", "Users.Application\Users.Application.csproj", "{B2ED3987-EF22-4066-BE97-60C9408456B1}"
EndProject
Project("{FAE04EC0-301F-11D3-BF4B-00C04F79EFBC}") = "Users.Infrastructure", "Users.Infrastructure\Users.Infrastructure.csproj", "{05C85A1A-9FAE-4327-88ED-E4FBFE5116FB}"
EndProject
Project("{FAE04EC0-301F-11D3-BF4B-00C04F79EFBC}") = "Users.Web", "Users.Web\Users.Web.csproj", "{BB7C630A-EBB1-40C1-ACA9-943A1C8F2C7D}"
EndProject
Project("{FAE04EC0-301F-11D3-BF4B-00C04F79EFBC}") = "Users.Module", "Users.Module\Users.Module.csproj", "{9435A87B-18BA-4BD3-BCAD-60CC10C9A67C}"
EndProject
Project("{FAE04EC0-301F-11D3-BF4B-00C04F79EFBC}") = "Catalog.Domain", "Catalog.Domain\Catalog.Domain.csproj", "{314F76AB-55D5-40F8-B7CB-DB9E8BCFE686}"
EndProject
Project("{FAE04EC0-301F-11D3-BF4B-00C04F79EFBC}") = "Catalog.Application", "Catalog.Application\Catalog.Application.csproj", "{07C01966-40D2-4448-BD44-0874579B0BA4}"
EndProject
Project("{FAE04EC0-301F-11D3-BF4B-00C04F79EFBC}") = "Catalog.Infrastructure", "Catalog.Infrastructure\Catalog.Infrastructure.csproj", "{C4AF54B7-D872-41DE-8D89-F6993A11C494}"
EndProject
Project("{FAE04EC0-301F-11D3-BF4B-00C04F79EFBC}") = "Catalog.Web", "Catalog.Web\Catalog.Web.csproj", "{5E959798-D554-4D84-98F5-2AB3C8D9B4C7}"
EndProject
Project("{FAE04EC0-301F-11D3-BF4B-00C04F79EFBC}") = "Catalog.Module", "Catalog.Module\Catalog.Module.csproj", "{C9D52841-09F6-4D26-A7E4-4DF0A52AFE48}"
EndProject
Project("{FAE04EC0-301F-11D3-BF4B-00C04F79EFBC}") = "Sales.Domain", "Sales.Domain\Sales.Domain.csproj", "{086115C9-1A55-485C-8C43-3E6196AC9465}"
EndProject
Project("{FAE04EC0-301F-11D3-BF4B-00C04F79EFBC}") = "Sales.Application", "Sales.Application\Sales.Application.csproj", "{891C08BE-A3BC-42D1-A99A-93DC56EDB228}"
EndProject
Project("{FAE04EC0-301F-11D3-BF4B-00C04F79EFBC}") = "Sales.Infrastructure", "Sales.Infrastructure\Sales.Infrastructure.csproj", "{D3CEB58F-7E23-41A7-99BD-1C91E2366560}"
EndProject
Project("{FAE04EC0-301F-11D3-BF4B-00C04F79EFBC}") = "Sales.Web", "Sales.Web\Sales.Web.csproj", "{BEDA175F-6952-4D4F-B515-204A1A94C643}"
EndProject
Project("{FAE04EC0-301F-11D3-BF4B-00C04F79EFBC}") = "Sales.Module", "Sales.Module\Sales.Module.csproj", "{B8172AE4-EE58-4C35-ACAF-F66E1697BB8B}"
EndProject
Project("{FAE04EC0-301F-11D3-BF4B-00C04F79EFBC}") = "Tests.Shared", "Tests.Shared\Tests.Shared.csproj", "{893B6869-DED2-4913-BAA5-762FA2B9174A}"
EndProject
Project("{FAE04EC0-301F-11D3-BF4B-00C04F79EFBC}") = "Modules.Catalog.Tests", "Modules.Catalog.Tests\Modules.Catalog.Tests.csproj", "{7E4C2051-3044-4765-A826-32997D2FFA9F}"
EndProject
Project("{FAE04EC0-301F-11D3-BF4B-00C04F79EFBC}") = "Modules.Sales.Tests", "Modules.Sales.Tests\Modules.Sales.Tests.csproj", "{5491C218-5918-4795-A397-CB38FA876D0D}"
EndProject
Project("{FAE04EC0-301F-11D3-BF4B-00C04F79EFBC}") = "Modules.Users.Tests", "Modules.Users.Tests\Modules.Users.Tests.csproj", "{CAA05FA5-DDF6-4B21-9C79-8B09D00A694B}"
EndProject
Global
	GlobalSection(SolutionConfigurationPlatforms) = preSolution
		Debug|Any CPU = Debug|Any CPU
		Debug|x64 = Debug|x64
		Debug|x86 = Debug|x86
		Release|Any CPU = Release|Any CPU
		Release|x64 = Release|x64
		Release|x86 = Release|x86
	EndGlobalSection
	GlobalSection(ProjectConfigurationPlatforms) = postSolution
		{44C65B24-8195-4E7B-BA9E-0933140EFB49}.Debug|Any CPU.ActiveCfg = Debug|Any CPU
		{44C65B24-8195-4E7B-BA9E-0933140EFB49}.Debug|Any CPU.Build.0 = Debug|Any CPU
		{44C65B24-8195-4E7B-BA9E-0933140EFB49}.Debug|x64.ActiveCfg = Debug|Any CPU
		{44C65B24-8195-4E7B-BA9E-0933140EFB49}.Debug|x64.Build.0 = Debug|Any CPU
		{44C65B24-8195-4E7B-BA9E-0933140EFB49}.Debug|x86.ActiveCfg = Debug|Any CPU
		{44C65B24-8195-4E7B-BA9E-0933140EFB49}.Debug|x86.Build.0 = Debug|Any CPU
		{44C65B24-8195-4E7B-BA9E-0933140EFB49}.Release|Any CPU.ActiveCfg = Release|Any CPU
		{44C65B24-8195-4E7B-BA9E-0933140EFB49}.Release|Any CPU.Build.0 = Release|Any CPU
		{44C65B24-8195-4E7B-BA9E-0933140EFB49}.Release|x64.ActiveCfg = Release|Any CPU
		{44C65B24-8195-4E7B-BA9E-0933140EFB49}.Release|x64.Build.0 = Release|Any CPU
		{44C65B24-8195-4E7B-BA9E-0933140EFB49}.Release|x86.ActiveCfg = Release|Any CPU
		{44C65B24-8195-4E7B-BA9E-0933140EFB49}.Release|x86.Build.0 = Release|Any CPU
		{8072C667-E37A-4112-ADB6-0C61B6130F28}.Debug|Any CPU.ActiveCfg = Debug|Any CPU
		{8072C667-E37A-4112-ADB6-0C61B6130F28}.Debug|Any CPU.Build.0 = Debug|Any CPU
		{8072C667-E37A-4112-ADB6-0C61B6130F28}.Debug|x64.ActiveCfg = Debug|Any CPU
		{8072C667-E37A-4112-ADB6-0C61B6130F28}.Debug|x64.Build.0 = Debug|Any CPU
		{8072C667-E37A-4112-ADB6-0C61B6130F28}.Debug|x86.ActiveCfg = Debug|Any CPU
		{8072C667-E37A-4112-ADB6-0C61B6130F28}.Debug|x86.Build.0 = Debug|Any CPU
		{8072C667-E37A-4112-ADB6-0C61B6130F28}.Release|Any CPU.ActiveCfg = Release|Any CPU
		{8072C667-E37A-4112-ADB6-0C61B6130F28}.Release|Any CPU.Build.0 = Release|Any CPU
		{8072C667-E37A-4112-ADB6-0C61B6130F28}.Release|x64.ActiveCfg = Release|Any CPU
		{8072C667-E37A-4112-ADB6-0C61B6130F28}.Release|x64.Build.0 = Release|Any CPU
		{8072C667-E37A-4112-ADB6-0C61B6130F28}.Release|x86.ActiveCfg = Release|Any CPU
		{8072C667-E37A-4112-ADB6-0C61B6130F28}.Release|x86.Build.0 = Release|Any CPU
		{C12277A1-86AF-4222-8032-655D33DDC5A4}.Debug|Any CPU.ActiveCfg = Debug|Any CPU
		{C12277A1-86AF-4222-8032-655D33DDC5A4}.Debug|Any CPU.Build.0 = Debug|Any CPU
		{C12277A1-86AF-4222-8032-655D33DDC5A4}.Debug|x64.ActiveCfg = Debug|Any CPU
		{C12277A1-86AF-4222-8032-655D33DDC5A4}.Debug|x64.Build.0 = Debug|Any CPU
		{C12277A1-86AF-4222-8032-655D33DDC5A4}.Debug|x86.ActiveCfg = Debug|Any CPU
		{C12277A1-86AF-4222-8032-655D33DDC5A4}.Debug|x86.Build.0 = Debug|Any CPU
		{C12277A1-86AF-4222-8032-655D33DDC5A4}.Release|Any CPU.ActiveCfg = Release|Any CPU
		{C12277A1-86AF-4222-8032-655D33DDC5A4}.Release|Any CPU.Build.0 = Release|Any CPU
		{C12277A1-86AF-4222-8032-655D33DDC5A4}.Release|x64.ActiveCfg = Release|Any CPU
		{C12277A1-86AF-4222-8032-655D33DDC5A4}.Release|x64.Build.0 = Release|Any CPU
		{C12277A1-86AF-4222-8032-655D33DDC5A4}.Release|x86.ActiveCfg = Release|Any CPU
		{C12277A1-86AF-4222-8032-655D33DDC5A4}.Release|x86.Build.0 = Release|Any CPU
		{EF24A885-7974-480C-903D-7A38504FE355}.Debug|Any CPU.ActiveCfg = Debug|Any CPU
		{EF24A885-7974-480C-903D-7A38504FE355}.Debug|Any CPU.Build.0 = Debug|Any CPU
		{EF24A885-7974-480C-903D-7A38504FE355}.Debug|x64.ActiveCfg = Debug|Any CPU
		{EF24A885-7974-480C-903D-7A38504FE355}.Debug|x64.Build.0 = Debug|Any CPU
		{EF24A885-7974-480C-903D-7A38504FE355}.Debug|x86.ActiveCfg = Debug|Any CPU
		{EF24A885-7974-480C-903D-7A38504FE355}.Debug|x86.Build.0 = Debug|Any CPU
		{EF24A885-7974-480C-903D-7A38504FE355}.Release|Any CPU.ActiveCfg = Release|Any CPU
		{EF24A885-7974-480C-903D-7A38504FE355}.Release|Any CPU.Build.0 = Release|Any CPU
		{EF24A885-7974-480C-903D-7A38504FE355}.Release|x64.ActiveCfg = Release|Any CPU
		{EF24A885-7974-480C-903D-7A38504FE355}.Release|x64.Build.0 = Release|Any CPU
		{EF24A885-7974-480C-903D-7A38504FE355}.Release|x86.ActiveCfg = Release|Any CPU
		{EF24A885-7974-480C-903D-7A38504FE355}.Release|x86.Build.0 = Release|Any CPU
		{91D05732-1150-45EB-8195-377A75A53E83}.Debug|Any CPU.ActiveCfg = Debug|Any CPU
		{91D05732-1150-45EB-8195-377A75A53E83}.Debug|Any CPU.Build.0 = Debug|Any CPU
		{91D05732-1150-45EB-8195-377A75A53E83}.Debug|x64.ActiveCfg = Debug|Any CPU
		{91D05732-1150-45EB-8195-377A75A53E83}.Debug|x64.Build.0 = Debug|Any CPU
		{91D05732-1150-45EB-8195-377A75A53E83}.Debug|x86.ActiveCfg = Debug|Any CPU
		{91D05732-1150-45EB-8195-377A75A53E83}.Debug|x86.Build.0 = Debug|Any CPU
		{91D05732-1150-45EB-8195-377A75A53E83}.Release|Any CPU.ActiveCfg = Release|Any CPU
		{91D05732-1150-45EB-8195-377A75A53E83}.Release|Any CPU.Build.0 = Release|Any CPU
		{91D05732-1150-45EB-8195-377A75A53E83}.Release|x64.ActiveCfg = Release|Any CPU
		{91D05732-1150-45EB-8195-377A75A53E83}.Release|x64.Build.0 = Release|Any CPU
		{91D05732-1150-45EB-8195-377A75A53E83}.Release|x86.ActiveCfg = Release|Any CPU
		{91D05732-1150-45EB-8195-377A75A53E83}.Release|x86.Build.0 = Release|Any CPU
		{BB0BE1B6-E6B0-4DB8-83E9-DA92928CC2F8}.Debug|Any CPU.ActiveCfg = Debug|Any CPU
		{BB0BE1B6-E6B0-4DB8-83E9-DA92928CC2F8}.Debug|Any CPU.Build.0 = Debug|Any CPU
		{BB0BE1B6-E6B0-4DB8-83E9-DA92928CC2F8}.Debug|x64.ActiveCfg = Debug|Any CPU
		{BB0BE1B6-E6B0-4DB8-83E9-DA92928CC2F8}.Debug|x64.Build.0 = Debug|Any CPU
		{BB0BE1B6-E6B0-4DB8-83E9-DA92928CC2F8}.Debug|x86.ActiveCfg = Debug|Any CPU
		{BB0BE1B6-E6B0-4DB8-83E9-DA92928CC2F8}.Debug|x86.Build.0 = Debug|Any CPU
		{BB0BE1B6-E6B0-4DB8-83E9-DA92928CC2F8}.Release|Any CPU.ActiveCfg = Release|Any CPU
		{BB0BE1B6-E6B0-4DB8-83E9-DA92928CC2F8}.Release|Any CPU.Build.0 = Release|Any CPU
		{BB0BE1B6-E6B0-4DB8-83E9-DA92928CC2F8}.Release|x64.ActiveCfg = Release|Any CPU
		{BB0BE1B6-E6B0-4DB8-83E9-DA92928CC2F8}.Release|x64.Build.0 = Release|Any CPU
		{BB0BE1B6-E6B0-4DB8-83E9-DA92928CC2F8}.Release|x86.ActiveCfg = Release|Any CPU
		{BB0BE1B6-E6B0-4DB8-83E9-DA92928CC2F8}.Release|x86.Build.0 = Release|Any CPU
		{967631A7-6B6F-4372-8AD7-39717247E7DD}.Debug|Any CPU.ActiveCfg = Debug|Any CPU
		{967631A7-6B6F-4372-8AD7-39717247E7DD}.Debug|Any CPU.Build.0 = Debug|Any CPU
		{967631A7-6B6F-4372-8AD7-39717247E7DD}.Debug|x64.ActiveCfg = Debug|Any CPU
		{967631A7-6B6F-4372-8AD7-39717247E7DD}.Debug|x64.Build.0 = Debug|Any CPU
		{967631A7-6B6F-4372-8AD7-39717247E7DD}.Debug|x86.ActiveCfg = Debug|Any CPU
		{967631A7-6B6F-4372-8AD7-39717247E7DD}.Debug|x86.Build.0 = Debug|Any CPU
		{967631A7-6B6F-4372-8AD7-39717247E7DD}.Release|Any CPU.ActiveCfg = Release|Any CPU
		{967631A7-6B6F-4372-8AD7-39717247E7DD}.Release|Any CPU.Build.0 = Release|Any CPU
		{967631A7-6B6F-4372-8AD7-39717247E7DD}.Release|x64.ActiveCfg = Release|Any CPU
		{967631A7-6B6F-4372-8AD7-39717247E7DD}.Release|x64.Build.0 = Release|Any CPU
		{967631A7-6B6F-4372-8AD7-39717247E7DD}.Release|x86.ActiveCfg = Release|Any CPU
		{967631A7-6B6F-4372-8AD7-39717247E7DD}.Release|x86.Build.0 = Release|Any CPU
		{B0A4ABB7-3CC5-4EEE-8B11-D1931C7F8205}.Debug|Any CPU.ActiveCfg = Debug|Any CPU
		{B0A4ABB7-3CC5-4EEE-8B11-D1931C7F8205}.Debug|Any CPU.Build.0 = Debug|Any CPU
		{B0A4ABB7-3CC5-4EEE-8B11-D1931C7F8205}.Debug|x64.ActiveCfg = Debug|Any CPU
		{B0A4ABB7-3CC5-4EEE-8B11-D1931C7F8205}.Debug|x64.Build.0 = Debug|Any CPU
		{B0A4ABB7-3CC5-4EEE-8B11-D1931C7F8205}.Debug|x86.ActiveCfg = Debug|Any CPU
		{B0A4ABB7-3CC5-4EEE-8B11-D1931C7F8205}.Debug|x86.Build.0 = Debug|Any CPU
		{B0A4ABB7-3CC5-4EEE-8B11-D1931C7F8205}.Release|Any CPU.ActiveCfg = Release|Any CPU
		{B0A4ABB7-3CC5-4EEE-8B11-D1931C7F8205}.Release|Any CPU.Build.0 = Release|Any CPU
		{B0A4ABB7-3CC5-4EEE-8B11-D1931C7F8205}.Release|x64.ActiveCfg = Release|Any CPU
		{B0A4ABB7-3CC5-4EEE-8B11-D1931C7F8205}.Release|x64.Build.0 = Release|Any CPU
		{B0A4ABB7-3CC5-4EEE-8B11-D1931C7F8205}.Release|x86.ActiveCfg = Release|Any CPU
		{B0A4ABB7-3CC5-4EEE-8B11-D1931C7F8205}.Release|x86.Build.0 = Release|Any CPU
		{87920B71-2F60-4C9A-8A90-3FDF382EA906}.Debug|Any CPU.ActiveCfg = Debug|Any CPU
		{87920B71-2F60-4C9A-8A90-3FDF382EA906}.Debug|Any CPU.Build.0 = Debug|Any CPU
		{87920B71-2F60-4C9A-8A90-3FDF382EA906}.Debug|x64.ActiveCfg = Debug|Any CPU
		{87920B71-2F60-4C9A-8A90-3FDF382EA906}.Debug|x64.Build.0 = Debug|Any CPU
		{87920B71-2F60-4C9A-8A90-3FDF382EA906}.Debug|x86.ActiveCfg = Debug|Any CPU
		{87920B71-2F60-4C9A-8A90-3FDF382EA906}.Debug|x86.Build.0 = Debug|Any CPU
		{87920B71-2F60-4C9A-8A90-3FDF382EA906}.Release|Any CPU.ActiveCfg = Release|Any CPU
		{87920B71-2F60-4C9A-8A90-3FDF382EA906}.Release|Any CPU.Build.0 = Release|Any CPU
		{87920B71-2F60-4C9A-8A90-3FDF382EA906}.Release|x64.ActiveCfg = Release|Any CPU
		{87920B71-2F60-4C9A-8A90-3FDF382EA906}.Release|x64.Build.0 = Release|Any CPU
		{87920B71-2F60-4C9A-8A90-3FDF382EA906}.Release|x86.ActiveCfg = Release|Any CPU
		{87920B71-2F60-4C9A-8A90-3FDF382EA906}.Release|x86.Build.0 = Release|Any CPU
		{44574503-6513-44C6-9193-05AFA4D398F9}.Debug|Any CPU.ActiveCfg = Debug|Any CPU
		{44574503-6513-44C6-9193-05AFA4D398F9}.Debug|Any CPU.Build.0 = Debug|Any CPU
		{44574503-6513-44C6-9193-05AFA4D398F9}.Debug|x64.ActiveCfg = Debug|Any CPU
		{44574503-6513-44C6-9193-05AFA4D398F9}.Debug|x64.Build.0 = Debug|Any CPU
		{44574503-6513-44C6-9193-05AFA4D398F9}.Debug|x86.ActiveCfg = Debug|Any CPU
		{44574503-6513-44C6-9193-05AFA4D398F9}.Debug|x86.Build.0 = Debug|Any CPU
		{44574503-6513-44C6-9193-05AFA4D398F9}.Release|Any CPU.ActiveCfg = Release|Any CPU
		{44574503-6513-44C6-9193-05AFA4D398F9}.Release|Any CPU.Build.0 = Release|Any CPU
		{44574503-6513-44C6-9193-05AFA4D398F9}.Release|x64.ActiveCfg = Release|Any CPU
		{44574503-6513-44C6-9193-05AFA4D398F9}.Release|x64.Build.0 = Release|Any CPU
		{44574503-6513-44C6-9193-05AFA4D398F9}.Release|x86.ActiveCfg = Release|Any CPU
		{44574503-6513-44C6-9193-05AFA4D398F9}.Release|x86.Build.0 = Release|Any CPU
		{65130F95-BAD2-429A-8583-C7D128C5FA15}.Debug|Any CPU.ActiveCfg = Debug|Any CPU
		{65130F95-BAD2-429A-8583-C7D128C5FA15}.Debug|Any CPU.Build.0 = Debug|Any CPU
		{65130F95-BAD2-429A-8583-C7D128C5FA15}.Debug|x64.ActiveCfg = Debug|Any CPU
		{65130F95-BAD2-429A-8583-C7D128C5FA15}.Debug|x64.Build.0 = Debug|Any CPU
		{65130F95-BAD2-429A-8583-C7D128C5FA15}.Debug|x86.ActiveCfg = Debug|Any CPU
		{65130F95-BAD2-429A-8583-C7D128C5FA15}.Debug|x86.Build.0 = Debug|Any CPU
		{65130F95-BAD2-429A-8583-C7D128C5FA15}.Release|Any CPU.ActiveCfg = Release|Any CPU
		{65130F95-BAD2-429A-8583-C7D128C5FA15}.Release|Any CPU.Build.0 = Release|Any CPU
		{65130F95-BAD2-429A-8583-C7D128C5FA15}.Release|x64.ActiveCfg = Release|Any CPU
		{65130F95-BAD2-429A-8583-C7D128C5FA15}.Release|x64.Build.0 = Release|Any CPU
		{65130F95-BAD2-429A-8583-C7D128C5FA15}.Release|x86.ActiveCfg = Release|Any CPU
		{65130F95-BAD2-429A-8583-C7D128C5FA15}.Release|x86.Build.0 = Release|Any CPU
		{BE596AB4-2CC9-497C-9681-52C6C9D59A7B}.Debug|Any CPU.ActiveCfg = Debug|Any CPU
		{BE596AB4-2CC9-497C-9681-52C6C9D59A7B}.Debug|Any CPU.Build.0 = Debug|Any CPU
		{BE596AB4-2CC9-497C-9681-52C6C9D59A7B}.Debug|x64.ActiveCfg = Debug|Any CPU
		{BE596AB4-2CC9-497C-9681-52C6C9D59A7B}.Debug|x64.Build.0 = Debug|Any CPU
		{BE596AB4-2CC9-497C-9681-52C6C9D59A7B}.Debug|x86.ActiveCfg = Debug|Any CPU
		{BE596AB4-2CC9-497C-9681-52C6C9D59A7B}.Debug|x86.Build.0 = Debug|Any CPU
		{BE596AB4-2CC9-497C-9681-52C6C9D59A7B}.Release|Any CPU.ActiveCfg = Release|Any CPU
		{BE596AB4-2CC9-497C-9681-52C6C9D59A7B}.Release|Any CPU.Build.0 = Release|Any CPU
		{BE596AB4-2CC9-497C-9681-52C6C9D59A7B}.Release|x64.ActiveCfg = Release|Any CPU
		{BE596AB4-2CC9-497C-9681-52C6C9D59A7B}.Release|x64.Build.0 = Release|Any CPU
		{BE596AB4-2CC9-497C-9681-52C6C9D59A7B}.Release|x86.ActiveCfg = Release|Any CPU
		{BE596AB4-2CC9-497C-9681-52C6C9D59A7B}.Release|x86.Build.0 = Release|Any CPU
		{7FD68DEB-8B54-46C9-AF3F-67E32320C76F}.Debug|Any CPU.ActiveCfg = Debug|Any CPU
		{7FD68DEB-8B54-46C9-AF3F-67E32320C76F}.Debug|Any CPU.Build.0 = Debug|Any CPU
		{7FD68DEB-8B54-46C9-AF3F-67E32320C76F}.Debug|x64.ActiveCfg = Debug|Any CPU
		{7FD68DEB-8B54-46C9-AF3F-67E32320C76F}.Debug|x64.Build.0 = Debug|Any CPU
		{7FD68DEB-8B54-46C9-AF3F-67E32320C76F}.Debug|x86.ActiveCfg = Debug|Any CPU
		{7FD68DEB-8B54-46C9-AF3F-67E32320C76F}.Debug|x86.Build.0 = Debug|Any CPU
		{7FD68DEB-8B54-46C9-AF3F-67E32320C76F}.Release|Any CPU.ActiveCfg = Release|Any CPU
		{7FD68DEB-8B54-46C9-AF3F-67E32320C76F}.Release|Any CPU.Build.0 = Release|Any CPU
		{7FD68DEB-8B54-46C9-AF3F-67E32320C76F}.Release|x64.ActiveCfg = Release|Any CPU
		{7FD68DEB-8B54-46C9-AF3F-67E32320C76F}.Release|x64.Build.0 = Release|Any CPU
		{7FD68DEB-8B54-46C9-AF3F-67E32320C76F}.Release|x86.ActiveCfg = Release|Any CPU
		{7FD68DEB-8B54-46C9-AF3F-67E32320C76F}.Release|x86.Build.0 = Release|Any CPU
		{2E10D086-B7B8-43EE-B5EA-164B3FE0C660}.Debug|Any CPU.ActiveCfg = Debug|Any CPU
		{2E10D086-B7B8-43EE-B5EA-164B3FE0C660}.Debug|Any CPU.Build.0 = Debug|Any CPU
		{2E10D086-B7B8-43EE-B5EA-164B3FE0C660}.Debug|x64.ActiveCfg = Debug|Any CPU
		{2E10D086-B7B8-43EE-B5EA-164B3FE0C660}.Debug|x64.Build.0 = Debug|Any CPU
		{2E10D086-B7B8-43EE-B5EA-164B3FE0C660}.Debug|x86.ActiveCfg = Debug|Any CPU
		{2E10D086-B7B8-43EE-B5EA-164B3FE0C660}.Debug|x86.Build.0 = Debug|Any CPU
		{2E10D086-B7B8-43EE-B5EA-164B3FE0C660}.Release|Any CPU.ActiveCfg = Release|Any CPU
		{2E10D086-B7B8-43EE-B5EA-164B3FE0C660}.Release|Any CPU.Build.0 = Release|Any CPU
		{2E10D086-B7B8-43EE-B5EA-164B3FE0C660}.Release|x64.ActiveCfg = Release|Any CPU
		{2E10D086-B7B8-43EE-B5EA-164B3FE0C660}.Release|x64.Build.0 = Release|Any CPU
		{2E10D086-B7B8-43EE-B5EA-164B3FE0C660}.Release|x86.ActiveCfg = Release|Any CPU
		{2E10D086-B7B8-43EE-B5EA-164B3FE0C660}.Release|x86.Build.0 = Release|Any CPU
		{04550E41-2CF5-4907-B4BB-D71D3525EED3}.Debug|Any CPU.ActiveCfg = Debug|Any CPU
		{04550E41-2CF5-4907-B4BB-D71D3525EED3}.Debug|Any CPU.Build.0 = Debug|Any CPU
		{04550E41-2CF5-4907-B4BB-D71D3525EED3}.Debug|x64.ActiveCfg = Debug|Any CPU
		{04550E41-2CF5-4907-B4BB-D71D3525EED3}.Debug|x64.Build.0 = Debug|Any CPU
		{04550E41-2CF5-4907-B4BB-D71D3525EED3}.Debug|x86.ActiveCfg = Debug|Any CPU
		{04550E41-2CF5-4907-B4BB-D71D3525EED3}.Debug|x86.Build.0 = Debug|Any CPU
		{04550E41-2CF5-4907-B4BB-D71D3525EED3}.Release|Any CPU.ActiveCfg = Release|Any CPU
		{04550E41-2CF5-4907-B4BB-D71D3525EED3}.Release|Any CPU.Build.0 = Release|Any CPU
		{04550E41-2CF5-4907-B4BB-D71D3525EED3}.Release|x64.ActiveCfg = Release|Any CPU
		{04550E41-2CF5-4907-B4BB-D71D3525EED3}.Release|x64.Build.0 = Release|Any CPU
		{04550E41-2CF5-4907-B4BB-D71D3525EED3}.Release|x86.ActiveCfg = Release|Any CPU
		{04550E41-2CF5-4907-B4BB-D71D3525EED3}.Release|x86.Build.0 = Release|Any CPU
		{88BB11A4-D198-441F-8B7C-4AEF143D4173}.Debug|Any CPU.ActiveCfg = Debug|Any CPU
		{88BB11A4-D198-441F-8B7C-4AEF143D4173}.Debug|Any CPU.Build.0 = Debug|Any CPU
		{88BB11A4-D198-441F-8B7C-4AEF143D4173}.Debug|x64.ActiveCfg = Debug|Any CPU
		{88BB11A4-D198-441F-8B7C-4AEF143D4173}.Debug|x64.Build.0 = Debug|Any CPU
		{88BB11A4-D198-441F-8B7C-4AEF143D4173}.Debug|x86.ActiveCfg = Debug|Any CPU
		{88BB11A4-D198-441F-8B7C-4AEF143D4173}.Debug|x86.Build.0 = Debug|Any CPU
		{88BB11A4-D198-441F-8B7C-4AEF143D4173}.Release|Any CPU.ActiveCfg = Release|Any CPU
		{88BB11A4-D198-441F-8B7C-4AEF143D4173}.Release|Any CPU.Build.0 = Release|Any CPU
		{88BB11A4-D198-441F-8B7C-4AEF143D4173}.Release|x64.ActiveCfg = Release|Any CPU
		{88BB11A4-D198-441F-8B7C-4AEF143D4173}.Release|x64.Build.0 = Release|Any CPU
		{88BB11A4-D198-441F-8B7C-4AEF143D4173}.Release|x86.ActiveCfg = Release|Any CPU
		{88BB11A4-D198-441F-8B7C-4AEF143D4173}.Release|x86.Build.0 = Release|Any CPU
		{B2ED3987-EF22-4066-BE97-60C9408456B1}.Debug|Any CPU.ActiveCfg = Debug|Any CPU
		{B2ED3987-EF22-4066-BE97-60C9408456B1}.Debug|Any CPU.Build.0 = Debug|Any CPU
		{B2ED3987-EF22-4066-BE97-60C9408456B1}.Debug|x64.ActiveCfg = Debug|Any CPU
		{B2ED3987-EF22-4066-BE97-60C9408456B1}.Debug|x64.Build.0 = Debug|Any CPU
		{B2ED3987-EF22-4066-BE97-60C9408456B1}.Debug|x86.ActiveCfg = Debug|Any CPU
		{B2ED3987-EF22-4066-BE97-60C9408456B1}.Debug|x86.Build.0 = Debug|Any CPU
		{B2ED3987-EF22-4066-BE97-60C9408456B1}.Release|Any CPU.ActiveCfg = Release|Any CPU
		{B2ED3987-EF22-4066-BE97-60C9408456B1}.Release|Any CPU.Build.0 = Release|Any CPU
		{B2ED3987-EF22-4066-BE97-60C9408456B1}.Release|x64.ActiveCfg = Release|Any CPU
		{B2ED3987-EF22-4066-BE97-60C9408456B1}.Release|x64.Build.0 = Release|Any CPU
		{B2ED3987-EF22-4066-BE97-60C9408456B1}.Release|x86.ActiveCfg = Release|Any CPU
		{B2ED3987-EF22-4066-BE97-60C9408456B1}.Release|x86.Build.0 = Release|Any CPU
		{05C85A1A-9FAE-4327-88ED-E4FBFE5116FB}.Debug|Any CPU.ActiveCfg = Debug|Any CPU
		{05C85A1A-9FAE-4327-88ED-E4FBFE5116FB}.Debug|Any CPU.Build.0 = Debug|Any CPU
		{05C85A1A-9FAE-4327-88ED-E4FBFE5116FB}.Debug|x64.ActiveCfg = Debug|Any CPU
		{05C85A1A-9FAE-4327-88ED-E4FBFE5116FB}.Debug|x64.Build.0 = Debug|Any CPU
		{05C85A1A-9FAE-4327-88ED-E4FBFE5116FB}.Debug|x86.ActiveCfg = Debug|Any CPU
		{05C85A1A-9FAE-4327-88ED-E4FBFE5116FB}.Debug|x86.Build.0 = Debug|Any CPU
		{05C85A1A-9FAE-4327-88ED-E4FBFE5116FB}.Release|Any CPU.ActiveCfg = Release|Any CPU
		{05C85A1A-9FAE-4327-88ED-E4FBFE5116FB}.Release|Any CPU.Build.0 = Release|Any CPU
		{05C85A1A-9FAE-4327-88ED-E4FBFE5116FB}.Release|x64.ActiveCfg = Release|Any CPU
		{05C85A1A-9FAE-4327-88ED-E4FBFE5116FB}.Release|x64.Build.0 = Release|Any CPU
		{05C85A1A-9FAE-4327-88ED-E4FBFE5116FB}.Release|x86.ActiveCfg = Release|Any CPU
		{05C85A1A-9FAE-4327-88ED-E4FBFE5116FB}.Release|x86.Build.0 = Release|Any CPU
		{BB7C630A-EBB1-40C1-ACA9-943A1C8F2C7D}.Debug|Any CPU.ActiveCfg = Debug|Any CPU
		{BB7C630A-EBB1-40C1-ACA9-943A1C8F2C7D}.Debug|Any CPU.Build.0 = Debug|Any CPU
		{BB7C630A-EBB1-40C1-ACA9-943A1C8F2C7D}.Debug|x64.ActiveCfg = Debug|Any CPU
		{BB7C630A-EBB1-40C1-ACA9-943A1C8F2C7D}.Debug|x64.Build.0 = Debug|Any CPU
		{BB7C630A-EBB1-40C1-ACA9-943A1C8F2C7D}.Debug|x86.ActiveCfg = Debug|Any CPU
		{BB7C630A-EBB1-40C1-ACA9-943A1C8F2C7D}.Debug|x86.Build.0 = Debug|Any CPU
		{BB7C630A-EBB1-40C1-ACA9-943A1C8F2C7D}.Release|Any CPU.ActiveCfg = Release|Any CPU
		{BB7C630A-EBB1-40C1-ACA9-943A1C8F2C7D}.Release|Any CPU.Build.0 = Release|Any CPU
		{BB7C630A-EBB1-40C1-ACA9-943A1C8F2C7D}.Release|x64.ActiveCfg = Release|Any CPU
		{BB7C630A-EBB1-40C1-ACA9-943A1C8F2C7D}.Release|x64.Build.0 = Release|Any CPU
		{BB7C630A-EBB1-40C1-ACA9-943A1C8F2C7D}.Release|x86.ActiveCfg = Release|Any CPU
		{BB7C630A-EBB1-40C1-ACA9-943A1C8F2C7D}.Release|x86.Build.0 = Release|Any CPU
		{9435A87B-18BA-4BD3-BCAD-60CC10C9A67C}.Debug|Any CPU.ActiveCfg = Debug|Any CPU
		{9435A87B-18BA-4BD3-BCAD-60CC10C9A67C}.Debug|Any CPU.Build.0 = Debug|Any CPU
		{9435A87B-18BA-4BD3-BCAD-60CC10C9A67C}.Debug|x64.ActiveCfg = Debug|Any CPU
		{9435A87B-18BA-4BD3-BCAD-60CC10C9A67C}.Debug|x64.Build.0 = Debug|Any CPU
		{9435A87B-18BA-4BD3-BCAD-60CC10C9A67C}.Debug|x86.ActiveCfg = Debug|Any CPU
		{9435A87B-18BA-4BD3-BCAD-60CC10C9A67C}.Debug|x86.Build.0 = Debug|Any CPU
		{9435A87B-18BA-4BD3-BCAD-60CC10C9A67C}.Release|Any CPU.ActiveCfg = Release|Any CPU
		{9435A87B-18BA-4BD3-BCAD-60CC10C9A67C}.Release|Any CPU.Build.0 = Release|Any CPU
		{9435A87B-18BA-4BD3-BCAD-60CC10C9A67C}.Release|x64.ActiveCfg = Release|Any CPU
		{9435A87B-18BA-4BD3-BCAD-60CC10C9A67C}.Release|x64.Build.0 = Release|Any CPU
		{9435A87B-18BA-4BD3-BCAD-60CC10C9A67C}.Release|x86.ActiveCfg = Release|Any CPU
		{9435A87B-18BA-4BD3-BCAD-60CC10C9A67C}.Release|x86.Build.0 = Release|Any CPU
		{314F76AB-55D5-40F8-B7CB-DB9E8BCFE686}.Debug|Any CPU.ActiveCfg = Debug|Any CPU
		{314F76AB-55D5-40F8-B7CB-DB9E8BCFE686}.Debug|Any CPU.Build.0 = Debug|Any CPU
		{314F76AB-55D5-40F8-B7CB-DB9E8BCFE686}.Debug|x64.ActiveCfg = Debug|Any CPU
		{314F76AB-55D5-40F8-B7CB-DB9E8BCFE686}.Debug|x64.Build.0 = Debug|Any CPU
		{314F76AB-55D5-40F8-B7CB-DB9E8BCFE686}.Debug|x86.ActiveCfg = Debug|Any CPU
		{314F76AB-55D5-40F8-B7CB-DB9E8BCFE686}.Debug|x86.Build.0 = Debug|Any CPU
		{314F76AB-55D5-40F8-B7CB-DB9E8BCFE686}.Release|Any CPU.ActiveCfg = Release|Any CPU
		{314F76AB-55D5-40F8-B7CB-DB9E8BCFE686}.Release|Any CPU.Build.0 = Release|Any CPU
		{314F76AB-55D5-40F8-B7CB-DB9E8BCFE686}.Release|x64.ActiveCfg = Release|Any CPU
		{314F76AB-55D5-40F8-B7CB-DB9E8BCFE686}.Release|x64.Build.0 = Release|Any CPU
		{314F76AB-55D5-40F8-B7CB-DB9E8BCFE686}.Release|x86.ActiveCfg = Release|Any CPU
		{314F76AB-55D5-40F8-B7CB-DB9E8BCFE686}.Release|x86.Build.0 = Release|Any CPU
		{07C01966-40D2-4448-BD44-0874579B0BA4}.Debug|Any CPU.ActiveCfg = Debug|Any CPU
		{07C01966-40D2-4448-BD44-0874579B0BA4}.Debug|Any CPU.Build.0 = Debug|Any CPU
		{07C01966-40D2-4448-BD44-0874579B0BA4}.Debug|x64.ActiveCfg = Debug|Any CPU
		{07C01966-40D2-4448-BD44-0874579B0BA4}.Debug|x64.Build.0 = Debug|Any CPU
		{07C01966-40D2-4448-BD44-0874579B0BA4}.Debug|x86.ActiveCfg = Debug|Any CPU
		{07C01966-40D2-4448-BD44-0874579B0BA4}.Debug|x86.Build.0 = Debug|Any CPU
		{07C01966-40D2-4448-BD44-0874579B0BA4}.Release|Any CPU.ActiveCfg = Release|Any CPU
		{07C01966-40D2-4448-BD44-0874579B0BA4}.Release|Any CPU.Build.0 = Release|Any CPU
		{07C01966-40D2-4448-BD44-0874579B0BA4}.Release|x64.ActiveCfg = Release|Any CPU
		{07C01966-40D2-4448-BD44-0874579B0BA4}.Release|x64.Build.0 = Release|Any CPU
		{07C01966-40D2-4448-BD44-0874579B0BA4}.Release|x86.ActiveCfg = Release|Any CPU
		{07C01966-40D2-4448-BD44-0874579B0BA4}.Release|x86.Build.0 = Release|Any CPU
		{C4AF54B7-D872-41DE-8D89-F6993A11C494}.Debug|Any CPU.ActiveCfg = Debug|Any CPU
		{C4AF54B7-D872-41DE-8D89-F6993A11C494}.Debug|Any CPU.Build.0 = Debug|Any CPU
		{C4AF54B7-D872-41DE-8D89-F6993A11C494}.Debug|x64.ActiveCfg = Debug|Any CPU
		{C4AF54B7-D872-41DE-8D89-F6993A11C494}.Debug|x64.Build.0 = Debug|Any CPU
		{C4AF54B7-D872-41DE-8D89-F6993A11C494}.Debug|x86.ActiveCfg = Debug|Any CPU
		{C4AF54B7-D872-41DE-8D89-F6993A11C494}.Debug|x86.Build.0 = Debug|Any CPU
		{C4AF54B7-D872-41DE-8D89-F6993A11C494}.Release|Any CPU.ActiveCfg = Release|Any CPU
		{C4AF54B7-D872-41DE-8D89-F6993A11C494}.Release|Any CPU.Build.0 = Release|Any CPU
		{C4AF54B7-D872-41DE-8D89-F6993A11C494}.Release|x64.ActiveCfg = Release|Any CPU
		{C4AF54B7-D872-41DE-8D89-F6993A11C494}.Release|x64.Build.0 = Release|Any CPU
		{C4AF54B7-D872-41DE-8D89-F6993A11C494}.Release|x86.ActiveCfg = Release|Any CPU
		{C4AF54B7-D872-41DE-8D89-F6993A11C494}.Release|x86.Build.0 = Release|Any CPU
		{5E959798-D554-4D84-98F5-2AB3C8D9B4C7}.Debug|Any CPU.ActiveCfg = Debug|Any CPU
		{5E959798-D554-4D84-98F5-2AB3C8D9B4C7}.Debug|Any CPU.Build.0 = Debug|Any CPU
		{5E959798-D554-4D84-98F5-2AB3C8D9B4C7}.Debug|x64.ActiveCfg = Debug|Any CPU
		{5E959798-D554-4D84-98F5-2AB3C8D9B4C7}.Debug|x64.Build.0 = Debug|Any CPU
		{5E959798-D554-4D84-98F5-2AB3C8D9B4C7}.Debug|x86.ActiveCfg = Debug|Any CPU
		{5E959798-D554-4D84-98F5-2AB3C8D9B4C7}.Debug|x86.Build.0 = Debug|Any CPU
		{5E959798-D554-4D84-98F5-2AB3C8D9B4C7}.Release|Any CPU.ActiveCfg = Release|Any CPU
		{5E959798-D554-4D84-98F5-2AB3C8D9B4C7}.Release|Any CPU.Build.0 = Release|Any CPU
		{5E959798-D554-4D84-98F5-2AB3C8D9B4C7}.Release|x64.ActiveCfg = Release|Any CPU
		{5E959798-D554-4D84-98F5-2AB3C8D9B4C7}.Release|x64.Build.0 = Release|Any CPU
		{5E959798-D554-4D84-98F5-2AB3C8D9B4C7}.Release|x86.ActiveCfg = Release|Any CPU
		{5E959798-D554-4D84-98F5-2AB3C8D9B4C7}.Release|x86.Build.0 = Release|Any CPU
		{C9D52841-09F6-4D26-A7E4-4DF0A52AFE48}.Debug|Any CPU.ActiveCfg = Debug|Any CPU
		{C9D52841-09F6-4D26-A7E4-4DF0A52AFE48}.Debug|Any CPU.Build.0 = Debug|Any CPU
		{C9D52841-09F6-4D26-A7E4-4DF0A52AFE48}.Debug|x64.ActiveCfg = Debug|Any CPU
		{C9D52841-09F6-4D26-A7E4-4DF0A52AFE48}.Debug|x64.Build.0 = Debug|Any CPU
		{C9D52841-09F6-4D26-A7E4-4DF0A52AFE48}.Debug|x86.ActiveCfg = Debug|Any CPU
		{C9D52841-09F6-4D26-A7E4-4DF0A52AFE48}.Debug|x86.Build.0 = Debug|Any CPU
		{C9D52841-09F6-4D26-A7E4-4DF0A52AFE48}.Release|Any CPU.ActiveCfg = Release|Any CPU
		{C9D52841-09F6-4D26-A7E4-4DF0A52AFE48}.Release|Any CPU.Build.0 = Release|Any CPU
		{C9D52841-09F6-4D26-A7E4-4DF0A52AFE48}.Release|x64.ActiveCfg = Release|Any CPU
		{C9D52841-09F6-4D26-A7E4-4DF0A52AFE48}.Release|x64.Build.0 = Release|Any CPU
		{C9D52841-09F6-4D26-A7E4-4DF0A52AFE48}.Release|x86.ActiveCfg = Release|Any CPU
		{C9D52841-09F6-4D26-A7E4-4DF0A52AFE48}.Release|x86.Build.0 = Release|Any CPU
		{086115C9-1A55-485C-8C43-3E6196AC9465}.Debug|Any CPU.ActiveCfg = Debug|Any CPU
		{086115C9-1A55-485C-8C43-3E6196AC9465}.Debug|Any CPU.Build.0 = Debug|Any CPU
		{086115C9-1A55-485C-8C43-3E6196AC9465}.Debug|x64.ActiveCfg = Debug|Any CPU
		{086115C9-1A55-485C-8C43-3E6196AC9465}.Debug|x64.Build.0 = Debug|Any CPU
		{086115C9-1A55-485C-8C43-3E6196AC9465}.Debug|x86.ActiveCfg = Debug|Any CPU
		{086115C9-1A55-485C-8C43-3E6196AC9465}.Debug|x86.Build.0 = Debug|Any CPU
		{086115C9-1A55-485C-8C43-3E6196AC9465}.Release|Any CPU.ActiveCfg = Release|Any CPU
		{086115C9-1A55-485C-8C43-3E6196AC9465}.Release|Any CPU.Build.0 = Release|Any CPU
		{086115C9-1A55-485C-8C43-3E6196AC9465}.Release|x64.ActiveCfg = Release|Any CPU
		{086115C9-1A55-485C-8C43-3E6196AC9465}.Release|x64.Build.0 = Release|Any CPU
		{086115C9-1A55-485C-8C43-3E6196AC9465}.Release|x86.ActiveCfg = Release|Any CPU
		{086115C9-1A55-485C-8C43-3E6196AC9465}.Release|x86.Build.0 = Release|Any CPU
		{891C08BE-A3BC-42D1-A99A-93DC56EDB228}.Debug|Any CPU.ActiveCfg = Debug|Any CPU
		{891C08BE-A3BC-42D1-A99A-93DC56EDB228}.Debug|Any CPU.Build.0 = Debug|Any CPU
		{891C08BE-A3BC-42D1-A99A-93DC56EDB228}.Debug|x64.ActiveCfg = Debug|Any CPU
		{891C08BE-A3BC-42D1-A99A-93DC56EDB228}.Debug|x64.Build.0 = Debug|Any CPU
		{891C08BE-A3BC-42D1-A99A-93DC56EDB228}.Debug|x86.ActiveCfg = Debug|Any CPU
		{891C08BE-A3BC-42D1-A99A-93DC56EDB228}.Debug|x86.Build.0 = Debug|Any CPU
		{891C08BE-A3BC-42D1-A99A-93DC56EDB228}.Release|Any CPU.ActiveCfg = Release|Any CPU
		{891C08BE-A3BC-42D1-A99A-93DC56EDB228}.Release|Any CPU.Build.0 = Release|Any CPU
		{891C08BE-A3BC-42D1-A99A-93DC56EDB228}.Release|x64.ActiveCfg = Release|Any CPU
		{891C08BE-A3BC-42D1-A99A-93DC56EDB228}.Release|x64.Build.0 = Release|Any CPU
		{891C08BE-A3BC-42D1-A99A-93DC56EDB228}.Release|x86.ActiveCfg = Release|Any CPU
		{891C08BE-A3BC-42D1-A99A-93DC56EDB228}.Release|x86.Build.0 = Release|Any CPU
		{D3CEB58F-7E23-41A7-99BD-1C91E2366560}.Debug|Any CPU.ActiveCfg = Debug|Any CPU
		{D3CEB58F-7E23-41A7-99BD-1C91E2366560}.Debug|Any CPU.Build.0 = Debug|Any CPU
		{D3CEB58F-7E23-41A7-99BD-1C91E2366560}.Debug|x64.ActiveCfg = Debug|Any CPU
		{D3CEB58F-7E23-41A7-99BD-1C91E2366560}.Debug|x64.Build.0 = Debug|Any CPU
		{D3CEB58F-7E23-41A7-99BD-1C91E2366560}.Debug|x86.ActiveCfg = Debug|Any CPU
		{D3CEB58F-7E23-41A7-99BD-1C91E2366560}.Debug|x86.Build.0 = Debug|Any CPU
		{D3CEB58F-7E23-41A7-99BD-1C91E2366560}.Release|Any CPU.ActiveCfg = Release|Any CPU
		{D3CEB58F-7E23-41A7-99BD-1C91E2366560}.Release|Any CPU.Build.0 = Release|Any CPU
		{D3CEB58F-7E23-41A7-99BD-1C91E2366560}.Release|x64.ActiveCfg = Release|Any CPU
		{D3CEB58F-7E23-41A7-99BD-1C91E2366560}.Release|x64.Build.0 = Release|Any CPU
		{D3CEB58F-7E23-41A7-99BD-1C91E2366560}.Release|x86.ActiveCfg = Release|Any CPU
		{D3CEB58F-7E23-41A7-99BD-1C91E2366560}.Release|x86.Build.0 = Release|Any CPU
		{BEDA175F-6952-4D4F-B515-204A1A94C643}.Debug|Any CPU.ActiveCfg = Debug|Any CPU
		{BEDA175F-6952-4D4F-B515-204A1A94C643}.Debug|Any CPU.Build.0 = Debug|Any CPU
		{BEDA175F-6952-4D4F-B515-204A1A94C643}.Debug|x64.ActiveCfg = Debug|Any CPU
		{BEDA175F-6952-4D4F-B515-204A1A94C643}.Debug|x64.Build.0 = Debug|Any CPU
		{BEDA175F-6952-4D4F-B515-204A1A94C643}.Debug|x86.ActiveCfg = Debug|Any CPU
		{BEDA175F-6952-4D4F-B515-204A1A94C643}.Debug|x86.Build.0 = Debug|Any CPU
		{BEDA175F-6952-4D4F-B515-204A1A94C643}.Release|Any CPU.ActiveCfg = Release|Any CPU
		{BEDA175F-6952-4D4F-B515-204A1A94C643}.Release|Any CPU.Build.0 = Release|Any CPU
		{BEDA175F-6952-4D4F-B515-204A1A94C643}.Release|x64.ActiveCfg = Release|Any CPU
		{BEDA175F-6952-4D4F-B515-204A1A94C643}.Release|x64.Build.0 = Release|Any CPU
		{BEDA175F-6952-4D4F-B515-204A1A94C643}.Release|x86.ActiveCfg = Release|Any CPU
		{BEDA175F-6952-4D4F-B515-204A1A94C643}.Release|x86.Build.0 = Release|Any CPU
		{B8172AE4-EE58-4C35-ACAF-F66E1697BB8B}.Debug|Any CPU.ActiveCfg = Debug|Any CPU
		{B8172AE4-EE58-4C35-ACAF-F66E1697BB8B}.Debug|Any CPU.Build.0 = Debug|Any CPU
		{B8172AE4-EE58-4C35-ACAF-F66E1697BB8B}.Debug|x64.ActiveCfg = Debug|Any CPU
		{B8172AE4-EE58-4C35-ACAF-F66E1697BB8B}.Debug|x64.Build.0 = Debug|Any CPU
		{B8172AE4-EE58-4C35-ACAF-F66E1697BB8B}.Debug|x86.ActiveCfg = Debug|Any CPU
		{B8172AE4-EE58-4C35-ACAF-F66E1697BB8B}.Debug|x86.Build.0 = Debug|Any CPU
		{B8172AE4-EE58-4C35-ACAF-F66E1697BB8B}.Release|Any CPU.ActiveCfg = Release|Any CPU
		{B8172AE4-EE58-4C35-ACAF-F66E1697BB8B}.Release|Any CPU.Build.0 = Release|Any CPU
		{B8172AE4-EE58-4C35-ACAF-F66E1697BB8B}.Release|x64.ActiveCfg = Release|Any CPU
		{B8172AE4-EE58-4C35-ACAF-F66E1697BB8B}.Release|x64.Build.0 = Release|Any CPU
		{B8172AE4-EE58-4C35-ACAF-F66E1697BB8B}.Release|x86.ActiveCfg = Release|Any CPU
		{B8172AE4-EE58-4C35-ACAF-F66E1697BB8B}.Release|x86.Build.0 = Release|Any CPU
		{893B6869-DED2-4913-BAA5-762FA2B9174A}.Debug|Any CPU.ActiveCfg = Debug|Any CPU
		{893B6869-DED2-4913-BAA5-762FA2B9174A}.Debug|Any CPU.Build.0 = Debug|Any CPU
		{893B6869-DED2-4913-BAA5-762FA2B9174A}.Debug|x64.ActiveCfg = Debug|Any CPU
		{893B6869-DED2-4913-BAA5-762FA2B9174A}.Debug|x64.Build.0 = Debug|Any CPU
		{893B6869-DED2-4913-BAA5-762FA2B9174A}.Debug|x86.ActiveCfg = Debug|Any CPU
		{893B6869-DED2-4913-BAA5-762FA2B9174A}.Debug|x86.Build.0 = Debug|Any CPU
		{893B6869-DED2-4913-BAA5-762FA2B9174A}.Release|Any CPU.ActiveCfg = Release|Any CPU
		{893B6869-DED2-4913-BAA5-762FA2B9174A}.Release|Any CPU.Build.0 = Release|Any CPU
		{893B6869-DED2-4913-BAA5-762FA2B9174A}.Release|x64.ActiveCfg = Release|Any CPU
		{893B6869-DED2-4913-BAA5-762FA2B9174A}.Release|x64.Build.0 = Release|Any CPU
		{893B6869-DED2-4913-BAA5-762FA2B9174A}.Release|x86.ActiveCfg = Release|Any CPU
		{893B6869-DED2-4913-BAA5-762FA2B9174A}.Release|x86.Build.0 = Release|Any CPU
		{7E4C2051-3044-4765-A826-32997D2FFA9F}.Debug|Any CPU.ActiveCfg = Debug|Any CPU
		{7E4C2051-3044-4765-A826-32997D2FFA9F}.Debug|Any CPU.Build.0 = Debug|Any CPU
		{7E4C2051-3044-4765-A826-32997D2FFA9F}.Debug|x64.ActiveCfg = Debug|Any CPU
		{7E4C2051-3044-4765-A826-32997D2FFA9F}.Debug|x64.Build.0 = Debug|Any CPU
		{7E4C2051-3044-4765-A826-32997D2FFA9F}.Debug|x86.ActiveCfg = Debug|Any CPU
		{7E4C2051-3044-4765-A826-32997D2FFA9F}.Debug|x86.Build.0 = Debug|Any CPU
		{7E4C2051-3044-4765-A826-32997D2FFA9F}.Release|Any CPU.ActiveCfg = Release|Any CPU
		{7E4C2051-3044-4765-A826-32997D2FFA9F}.Release|Any CPU.Build.0 = Release|Any CPU
		{7E4C2051-3044-4765-A826-32997D2FFA9F}.Release|x64.ActiveCfg = Release|Any CPU
		{7E4C2051-3044-4765-A826-32997D2FFA9F}.Release|x64.Build.0 = Release|Any CPU
		{7E4C2051-3044-4765-A826-32997D2FFA9F}.Release|x86.ActiveCfg = Release|Any CPU
		{7E4C2051-3044-4765-A826-32997D2FFA9F}.Release|x86.Build.0 = Release|Any CPU
		{5491C218-5918-4795-A397-CB38FA876D0D}.Debug|Any CPU.ActiveCfg = Debug|Any CPU
		{5491C218-5918-4795-A397-CB38FA876D0D}.Debug|Any CPU.Build.0 = Debug|Any CPU
		{5491C218-5918-4795-A397-CB38FA876D0D}.Debug|x64.ActiveCfg = Debug|Any CPU
		{5491C218-5918-4795-A397-CB38FA876D0D}.Debug|x64.Build.0 = Debug|Any CPU
		{5491C218-5918-4795-A397-CB38FA876D0D}.Debug|x86.ActiveCfg = Debug|Any CPU
		{5491C218-5918-4795-A397-CB38FA876D0D}.Debug|x86.Build.0 = Debug|Any CPU
		{5491C218-5918-4795-A397-CB38FA876D0D}.Release|Any CPU.ActiveCfg = Release|Any CPU
		{5491C218-5918-4795-A397-CB38FA876D0D}.Release|Any CPU.Build.0 = Release|Any CPU
		{5491C218-5918-4795-A397-CB38FA876D0D}.Release|x64.ActiveCfg = Release|Any CPU
		{5491C218-5918-4795-A397-CB38FA876D0D}.Release|x64.Build.0 = Release|Any CPU
		{5491C218-5918-4795-A397-CB38FA876D0D}.Release|x86.ActiveCfg = Release|Any CPU
		{5491C218-5918-4795-A397-CB38FA876D0D}.Release|x86.Build.0 = Release|Any CPU
		{CAA05FA5-DDF6-4B21-9C79-8B09D00A694B}.Debug|Any CPU.ActiveCfg = Debug|Any CPU
		{CAA05FA5-DDF6-4B21-9C79-8B09D00A694B}.Debug|Any CPU.Build.0 = Debug|Any CPU
		{CAA05FA5-DDF6-4B21-9C79-8B09D00A694B}.Debug|x64.ActiveCfg = Debug|Any CPU
		{CAA05FA5-DDF6-4B21-9C79-8B09D00A694B}.Debug|x64.Build.0 = Debug|Any CPU
		{CAA05FA5-DDF6-4B21-9C79-8B09D00A694B}.Debug|x86.ActiveCfg = Debug|Any CPU
		{CAA05FA5-DDF6-4B21-9C79-8B09D00A694B}.Debug|x86.Build.0 = Debug|Any CPU
		{CAA05FA5-DDF6-4B21-9C79-8B09D00A694B}.Release|Any CPU.ActiveCfg = Release|Any CPU
		{CAA05FA5-DDF6-4B21-9C79-8B09D00A694B}.Release|Any CPU.Build.0 = Release|Any CPU
		{CAA05FA5-DDF6-4B21-9C79-8B09D00A694B}.Release|x64.ActiveCfg = Release|Any CPU
		{CAA05FA5-DDF6-4B21-9C79-8B09D00A694B}.Release|x64.Build.0 = Release|Any CPU
		{CAA05FA5-DDF6-4B21-9C79-8B09D00A694B}.Release|x86.ActiveCfg = Release|Any CPU
		{CAA05FA5-DDF6-4B21-9C79-8B09D00A694B}.Release|x86.Build.0 = Release|Any CPU
	EndGlobalSection
	GlobalSection(SolutionProperties) = preSolution
		HideSolutionNode = FALSE
	EndGlobalSection
EndGlobal
