
Microsoft Visual Studio Solution File, Format Version 12.00
Project("{FAE04EC0-301F-11D3-BF4B-00C04F79EFBC}") = "WebApp", "WebApp\WebApp.csproj", "{44C65B24-8195-4E7B-BA9E-0933140EFB49}"
EndProject
Project("{2150E333-8FDC-42A3-9474-1A3956D46DE8}") = "!Solution Items", "!Solution Items", "{CCB00EA2-8059-4AA1-B0DE-A2F423F6F387}"
	ProjectSection(SolutionItems) = preProject
		.gitignore = .gitignore
		README.md = README.md
		README-TECH.md = README-TECH.md
		Directory.Build.props = Directory.Build.props
	EndProjectSection
EndProject
Project("{FAE04EC0-301F-11D3-BF4B-00C04F79EFBC}") = "App.Domain", "App.Domain\App.Domain.csproj", "{7F1059A7-9438-4145-8CE2-002AE84909D3}"
EndProject
Project("{FAE04EC0-301F-11D3-BF4B-00C04F79EFBC}") = "App.DAL.EF", "App.DAL.EF\App.DAL.EF.csproj", "{3A5E37BC-A5CB-4358-AAF4-C8984F515F31}"
EndProject
Project("{FAE04EC0-301F-11D3-BF4B-00C04F79EFBC}") = "App.BLL", "App.BLL\App.BLL.csproj", "{A668F9B6-9C89-49CA-A5BF-9D2C9276B22A}"
EndProject
Project("{FAE04EC0-301F-11D3-BF4B-00C04F79EFBC}") = "App.Resources", "App.Resources\App.Resources.csproj", "{8072C667-E37A-4112-ADB6-0C61B6130F28}"
EndProject
Project("{FAE04EC0-301F-11D3-BF4B-00C04F79EFBC}") = "App.DTO", "App.DTO\App.DTO.csproj", "{0182BB6E-8305-41D3-BEF9-90CD9231F2E5}"
EndProject
Project("{FAE04EC0-301F-11D3-BF4B-00C04F79EFBC}") = "WebApp.Tests", "WebApp.Tests\WebApp.Tests.csproj", "{C12277A1-86AF-4222-8032-655D33DDC5A4}"
EndProject
Project("{FAE04EC0-301F-11D3-BF4B-00C04F79EFBC}") = "Base.Resources", "Base.Resources\Base.Resources.csproj", "{EF24A885-7974-480C-903D-7A38504FE355}"
EndProject
Project("{FAE04EC0-301F-11D3-BF4B-00C04F79EFBC}") = "Base.Contracts", "Base.Contracts\Base.Contracts.csproj", "{91D05732-1150-45EB-8195-377A75A53E83}"
EndProject
Project("{FAE04EC0-301F-11D3-BF4B-00C04F79EFBC}") = "Base.Domain", "Base.Domain\Base.Domain.csproj", "{BB0BE1B6-E6B0-4DB8-83E9-DA92928CC2F8}"
EndProject
Project("{FAE04EC0-301F-11D3-BF4B-00C04F79EFBC}") = "Base.Helpers", "Base.Helpers\Base.Helpers.csproj", "{967631A7-6B6F-4372-8AD7-39717247E7DD}"
EndProject
Project("{FAE04EC0-301F-11D3-BF4B-00C04F79EFBC}") = "Base.DAL.Contracts", "Base.DAL.Contracts\Base.DAL.Contracts.csproj", "{B0A4ABB7-3CC5-4EEE-8B11-D1931C7F8205}"
EndProject
Project("{FAE04EC0-301F-11D3-BF4B-00C04F79EFBC}") = "Base.DAL.EF", "Base.DAL.EF\Base.DAL.EF.csproj", "{87920B71-2F60-4C9A-8A90-3FDF382EA906}"
EndProject
Project("{FAE04EC0-301F-11D3-BF4B-00C04F79EFBC}") = "Base.BLL.Contracts", "Base.BLL.Contracts\Base.BLL.Contracts.csproj", "{44574503-6513-44C6-9193-05AFA4D398F9}"
EndProject
Project("{FAE04EC0-301F-11D3-BF4B-00C04F79EFBC}") = "Base.BLL", "Base.BLL\Base.BLL.csproj", "{65130F95-BAD2-429A-8583-C7D128C5FA15}"
EndProject
Project("{FAE04EC0-301F-11D3-BF4B-00C04F79EFBC}") = "App.DAL.Contracts", "App.DAL.Contracts\App.DAL.Contracts.csproj", "{4CB1700A-A917-457E-BD76-8FC24B992CB9}"
EndProject
Project("{FAE04EC0-301F-11D3-BF4B-00C04F79EFBC}") = "App.DAL.DTO", "App.DAL.DTO\App.DAL.DTO.csproj", "{BC121954-509E-4FFC-9CFF-2F9D3687CA30}"
EndProject
Project("{FAE04EC0-301F-11D3-BF4B-00C04F79EFBC}") = "App.BLL.Contracts", "App.BLL.Contracts\App.BLL.Contracts.csproj", "{DBEE7ECB-1DEB-45C0-ADBA-0BFE3A8289D8}"
EndProject
Project("{FAE04EC0-301F-11D3-BF4B-00C04F79EFBC}") = "App.BLL.DTO", "App.BLL.DTO\App.BLL.DTO.csproj", "{A75B32A7-EC3D-46EC-B425-23D44D719980}"
EndProject
Global
	GlobalSection(SolutionConfigurationPlatforms) = preSolution
		Debug|Any CPU = Debug|Any CPU
		Debug|x64 = Debug|x64
		Debug|x86 = Debug|x86
		Release|Any CPU = Release|Any CPU
		Release|x64 = Release|x64
		Release|x86 = Release|x86
	EndGlobalSection
	GlobalSection(ProjectConfigurationPlatforms) = postSolution
		{44C65B24-8195-4E7B-BA9E-0933140EFB49}.Debug|Any CPU.ActiveCfg = Debug|Any CPU
		{44C65B24-8195-4E7B-BA9E-0933140EFB49}.Debug|Any CPU.Build.0 = Debug|Any CPU
		{44C65B24-8195-4E7B-BA9E-0933140EFB49}.Debug|x64.ActiveCfg = Debug|Any CPU
		{44C65B24-8195-4E7B-BA9E-0933140EFB49}.Debug|x64.Build.0 = Debug|Any CPU
		{44C65B24-8195-4E7B-BA9E-0933140EFB49}.Debug|x86.ActiveCfg = Debug|Any CPU
		{44C65B24-8195-4E7B-BA9E-0933140EFB49}.Debug|x86.Build.0 = Debug|Any CPU
		{44C65B24-8195-4E7B-BA9E-0933140EFB49}.Release|Any CPU.ActiveCfg = Release|Any CPU
		{44C65B24-8195-4E7B-BA9E-0933140EFB49}.Release|Any CPU.Build.0 = Release|Any CPU
		{44C65B24-8195-4E7B-BA9E-0933140EFB49}.Release|x64.ActiveCfg = Release|Any CPU
		{44C65B24-8195-4E7B-BA9E-0933140EFB49}.Release|x64.Build.0 = Release|Any CPU
		{44C65B24-8195-4E7B-BA9E-0933140EFB49}.Release|x86.ActiveCfg = Release|Any CPU
		{44C65B24-8195-4E7B-BA9E-0933140EFB49}.Release|x86.Build.0 = Release|Any CPU
		{7F1059A7-9438-4145-8CE2-002AE84909D3}.Debug|Any CPU.ActiveCfg = Debug|Any CPU
		{7F1059A7-9438-4145-8CE2-002AE84909D3}.Debug|Any CPU.Build.0 = Debug|Any CPU
		{7F1059A7-9438-4145-8CE2-002AE84909D3}.Debug|x64.ActiveCfg = Debug|Any CPU
		{7F1059A7-9438-4145-8CE2-002AE84909D3}.Debug|x64.Build.0 = Debug|Any CPU
		{7F1059A7-9438-4145-8CE2-002AE84909D3}.Debug|x86.ActiveCfg = Debug|Any CPU
		{7F1059A7-9438-4145-8CE2-002AE84909D3}.Debug|x86.Build.0 = Debug|Any CPU
		{7F1059A7-9438-4145-8CE2-002AE84909D3}.Release|Any CPU.ActiveCfg = Release|Any CPU
		{7F1059A7-9438-4145-8CE2-002AE84909D3}.Release|Any CPU.Build.0 = Release|Any CPU
		{7F1059A7-9438-4145-8CE2-002AE84909D3}.Release|x64.ActiveCfg = Release|Any CPU
		{7F1059A7-9438-4145-8CE2-002AE84909D3}.Release|x64.Build.0 = Release|Any CPU
		{7F1059A7-9438-4145-8CE2-002AE84909D3}.Release|x86.ActiveCfg = Release|Any CPU
		{7F1059A7-9438-4145-8CE2-002AE84909D3}.Release|x86.Build.0 = Release|Any CPU
		{3A5E37BC-A5CB-4358-AAF4-C8984F515F31}.Debug|Any CPU.ActiveCfg = Debug|Any CPU
		{3A5E37BC-A5CB-4358-AAF4-C8984F515F31}.Debug|Any CPU.Build.0 = Debug|Any CPU
		{3A5E37BC-A5CB-4358-AAF4-C8984F515F31}.Debug|x64.ActiveCfg = Debug|Any CPU
		{3A5E37BC-A5CB-4358-AAF4-C8984F515F31}.Debug|x64.Build.0 = Debug|Any CPU
		{3A5E37BC-A5CB-4358-AAF4-C8984F515F31}.Debug|x86.ActiveCfg = Debug|Any CPU
		{3A5E37BC-A5CB-4358-AAF4-C8984F515F31}.Debug|x86.Build.0 = Debug|Any CPU
		{3A5E37BC-A5CB-4358-AAF4-C8984F515F31}.Release|Any CPU.ActiveCfg = Release|Any CPU
		{3A5E37BC-A5CB-4358-AAF4-C8984F515F31}.Release|Any CPU.Build.0 = Release|Any CPU
		{3A5E37BC-A5CB-4358-AAF4-C8984F515F31}.Release|x64.ActiveCfg = Release|Any CPU
		{3A5E37BC-A5CB-4358-AAF4-C8984F515F31}.Release|x64.Build.0 = Release|Any CPU
		{3A5E37BC-A5CB-4358-AAF4-C8984F515F31}.Release|x86.ActiveCfg = Release|Any CPU
		{3A5E37BC-A5CB-4358-AAF4-C8984F515F31}.Release|x86.Build.0 = Release|Any CPU
		{A668F9B6-9C89-49CA-A5BF-9D2C9276B22A}.Debug|Any CPU.ActiveCfg = Debug|Any CPU
		{A668F9B6-9C89-49CA-A5BF-9D2C9276B22A}.Debug|Any CPU.Build.0 = Debug|Any CPU
		{A668F9B6-9C89-49CA-A5BF-9D2C9276B22A}.Debug|x64.ActiveCfg = Debug|Any CPU
		{A668F9B6-9C89-49CA-A5BF-9D2C9276B22A}.Debug|x64.Build.0 = Debug|Any CPU
		{A668F9B6-9C89-49CA-A5BF-9D2C9276B22A}.Debug|x86.ActiveCfg = Debug|Any CPU
		{A668F9B6-9C89-49CA-A5BF-9D2C9276B22A}.Debug|x86.Build.0 = Debug|Any CPU
		{A668F9B6-9C89-49CA-A5BF-9D2C9276B22A}.Release|Any CPU.ActiveCfg = Release|Any CPU
		{A668F9B6-9C89-49CA-A5BF-9D2C9276B22A}.Release|Any CPU.Build.0 = Release|Any CPU
		{A668F9B6-9C89-49CA-A5BF-9D2C9276B22A}.Release|x64.ActiveCfg = Release|Any CPU
		{A668F9B6-9C89-49CA-A5BF-9D2C9276B22A}.Release|x64.Build.0 = Release|Any CPU
		{A668F9B6-9C89-49CA-A5BF-9D2C9276B22A}.Release|x86.ActiveCfg = Release|Any CPU
		{A668F9B6-9C89-49CA-A5BF-9D2C9276B22A}.Release|x86.Build.0 = Release|Any CPU
		{8072C667-E37A-4112-ADB6-0C61B6130F28}.Debug|Any CPU.ActiveCfg = Debug|Any CPU
		{8072C667-E37A-4112-ADB6-0C61B6130F28}.Debug|Any CPU.Build.0 = Debug|Any CPU
		{8072C667-E37A-4112-ADB6-0C61B6130F28}.Debug|x64.ActiveCfg = Debug|Any CPU
		{8072C667-E37A-4112-ADB6-0C61B6130F28}.Debug|x64.Build.0 = Debug|Any CPU
		{8072C667-E37A-4112-ADB6-0C61B6130F28}.Debug|x86.ActiveCfg = Debug|Any CPU
		{8072C667-E37A-4112-ADB6-0C61B6130F28}.Debug|x86.Build.0 = Debug|Any CPU
		{8072C667-E37A-4112-ADB6-0C61B6130F28}.Release|Any CPU.ActiveCfg = Release|Any CPU
		{8072C667-E37A-4112-ADB6-0C61B6130F28}.Release|Any CPU.Build.0 = Release|Any CPU
		{8072C667-E37A-4112-ADB6-0C61B6130F28}.Release|x64.ActiveCfg = Release|Any CPU
		{8072C667-E37A-4112-ADB6-0C61B6130F28}.Release|x64.Build.0 = Release|Any CPU
		{8072C667-E37A-4112-ADB6-0C61B6130F28}.Release|x86.ActiveCfg = Release|Any CPU
		{8072C667-E37A-4112-ADB6-0C61B6130F28}.Release|x86.Build.0 = Release|Any CPU
		{0182BB6E-8305-41D3-BEF9-90CD9231F2E5}.Debug|Any CPU.ActiveCfg = Debug|Any CPU
		{0182BB6E-8305-41D3-BEF9-90CD9231F2E5}.Debug|Any CPU.Build.0 = Debug|Any CPU
		{0182BB6E-8305-41D3-BEF9-90CD9231F2E5}.Debug|x64.ActiveCfg = Debug|Any CPU
		{0182BB6E-8305-41D3-BEF9-90CD9231F2E5}.Debug|x64.Build.0 = Debug|Any CPU
		{0182BB6E-8305-41D3-BEF9-90CD9231F2E5}.Debug|x86.ActiveCfg = Debug|Any CPU
		{0182BB6E-8305-41D3-BEF9-90CD9231F2E5}.Debug|x86.Build.0 = Debug|Any CPU
		{0182BB6E-8305-41D3-BEF9-90CD9231F2E5}.Release|Any CPU.ActiveCfg = Release|Any CPU
		{0182BB6E-8305-41D3-BEF9-90CD9231F2E5}.Release|Any CPU.Build.0 = Release|Any CPU
		{0182BB6E-8305-41D3-BEF9-90CD9231F2E5}.Release|x64.ActiveCfg = Release|Any CPU
		{0182BB6E-8305-41D3-BEF9-90CD9231F2E5}.Release|x64.Build.0 = Release|Any CPU
		{0182BB6E-8305-41D3-BEF9-90CD9231F2E5}.Release|x86.ActiveCfg = Release|Any CPU
		{0182BB6E-8305-41D3-BEF9-90CD9231F2E5}.Release|x86.Build.0 = Release|Any CPU
		{C12277A1-86AF-4222-8032-655D33DDC5A4}.Debug|Any CPU.ActiveCfg = Debug|Any CPU
		{C12277A1-86AF-4222-8032-655D33DDC5A4}.Debug|Any CPU.Build.0 = Debug|Any CPU
		{C12277A1-86AF-4222-8032-655D33DDC5A4}.Debug|x64.ActiveCfg = Debug|Any CPU
		{C12277A1-86AF-4222-8032-655D33DDC5A4}.Debug|x64.Build.0 = Debug|Any CPU
		{C12277A1-86AF-4222-8032-655D33DDC5A4}.Debug|x86.ActiveCfg = Debug|Any CPU
		{C12277A1-86AF-4222-8032-655D33DDC5A4}.Debug|x86.Build.0 = Debug|Any CPU
		{C12277A1-86AF-4222-8032-655D33DDC5A4}.Release|Any CPU.ActiveCfg = Release|Any CPU
		{C12277A1-86AF-4222-8032-655D33DDC5A4}.Release|Any CPU.Build.0 = Release|Any CPU
		{C12277A1-86AF-4222-8032-655D33DDC5A4}.Release|x64.ActiveCfg = Release|Any CPU
		{C12277A1-86AF-4222-8032-655D33DDC5A4}.Release|x64.Build.0 = Release|Any CPU
		{C12277A1-86AF-4222-8032-655D33DDC5A4}.Release|x86.ActiveCfg = Release|Any CPU
		{C12277A1-86AF-4222-8032-655D33DDC5A4}.Release|x86.Build.0 = Release|Any CPU
		{EF24A885-7974-480C-903D-7A38504FE355}.Debug|Any CPU.ActiveCfg = Debug|Any CPU
		{EF24A885-7974-480C-903D-7A38504FE355}.Debug|Any CPU.Build.0 = Debug|Any CPU
		{EF24A885-7974-480C-903D-7A38504FE355}.Debug|x64.ActiveCfg = Debug|Any CPU
		{EF24A885-7974-480C-903D-7A38504FE355}.Debug|x64.Build.0 = Debug|Any CPU
		{EF24A885-7974-480C-903D-7A38504FE355}.Debug|x86.ActiveCfg = Debug|Any CPU
		{EF24A885-7974-480C-903D-7A38504FE355}.Debug|x86.Build.0 = Debug|Any CPU
		{EF24A885-7974-480C-903D-7A38504FE355}.Release|Any CPU.ActiveCfg = Release|Any CPU
		{EF24A885-7974-480C-903D-7A38504FE355}.Release|Any CPU.Build.0 = Release|Any CPU
		{EF24A885-7974-480C-903D-7A38504FE355}.Release|x64.ActiveCfg = Release|Any CPU
		{EF24A885-7974-480C-903D-7A38504FE355}.Release|x64.Build.0 = Release|Any CPU
		{EF24A885-7974-480C-903D-7A38504FE355}.Release|x86.ActiveCfg = Release|Any CPU
		{EF24A885-7974-480C-903D-7A38504FE355}.Release|x86.Build.0 = Release|Any CPU
		{91D05732-1150-45EB-8195-377A75A53E83}.Debug|Any CPU.ActiveCfg = Debug|Any CPU
		{91D05732-1150-45EB-8195-377A75A53E83}.Debug|Any CPU.Build.0 = Debug|Any CPU
		{91D05732-1150-45EB-8195-377A75A53E83}.Debug|x64.ActiveCfg = Debug|Any CPU
		{91D05732-1150-45EB-8195-377A75A53E83}.Debug|x64.Build.0 = Debug|Any CPU
		{91D05732-1150-45EB-8195-377A75A53E83}.Debug|x86.ActiveCfg = Debug|Any CPU
		{91D05732-1150-45EB-8195-377A75A53E83}.Debug|x86.Build.0 = Debug|Any CPU
		{91D05732-1150-45EB-8195-377A75A53E83}.Release|Any CPU.ActiveCfg = Release|Any CPU
		{91D05732-1150-45EB-8195-377A75A53E83}.Release|Any CPU.Build.0 = Release|Any CPU
		{91D05732-1150-45EB-8195-377A75A53E83}.Release|x64.ActiveCfg = Release|Any CPU
		{91D05732-1150-45EB-8195-377A75A53E83}.Release|x64.Build.0 = Release|Any CPU
		{91D05732-1150-45EB-8195-377A75A53E83}.Release|x86.ActiveCfg = Release|Any CPU
		{91D05732-1150-45EB-8195-377A75A53E83}.Release|x86.Build.0 = Release|Any CPU
		{BB0BE1B6-E6B0-4DB8-83E9-DA92928CC2F8}.Debug|Any CPU.ActiveCfg = Debug|Any CPU
		{BB0BE1B6-E6B0-4DB8-83E9-DA92928CC2F8}.Debug|Any CPU.Build.0 = Debug|Any CPU
		{BB0BE1B6-E6B0-4DB8-83E9-DA92928CC2F8}.Debug|x64.ActiveCfg = Debug|Any CPU
		{BB0BE1B6-E6B0-4DB8-83E9-DA92928CC2F8}.Debug|x64.Build.0 = Debug|Any CPU
		{BB0BE1B6-E6B0-4DB8-83E9-DA92928CC2F8}.Debug|x86.ActiveCfg = Debug|Any CPU
		{BB0BE1B6-E6B0-4DB8-83E9-DA92928CC2F8}.Debug|x86.Build.0 = Debug|Any CPU
		{BB0BE1B6-E6B0-4DB8-83E9-DA92928CC2F8}.Release|Any CPU.ActiveCfg = Release|Any CPU
		{BB0BE1B6-E6B0-4DB8-83E9-DA92928CC2F8}.Release|Any CPU.Build.0 = Release|Any CPU
		{BB0BE1B6-E6B0-4DB8-83E9-DA92928CC2F8}.Release|x64.ActiveCfg = Release|Any CPU
		{BB0BE1B6-E6B0-4DB8-83E9-DA92928CC2F8}.Release|x64.Build.0 = Release|Any CPU
		{BB0BE1B6-E6B0-4DB8-83E9-DA92928CC2F8}.Release|x86.ActiveCfg = Release|Any CPU
		{BB0BE1B6-E6B0-4DB8-83E9-DA92928CC2F8}.Release|x86.Build.0 = Release|Any CPU
		{967631A7-6B6F-4372-8AD7-39717247E7DD}.Debug|Any CPU.ActiveCfg = Debug|Any CPU
		{967631A7-6B6F-4372-8AD7-39717247E7DD}.Debug|Any CPU.Build.0 = Debug|Any CPU
		{967631A7-6B6F-4372-8AD7-39717247E7DD}.Debug|x64.ActiveCfg = Debug|Any CPU
		{967631A7-6B6F-4372-8AD7-39717247E7DD}.Debug|x64.Build.0 = Debug|Any CPU
		{967631A7-6B6F-4372-8AD7-39717247E7DD}.Debug|x86.ActiveCfg = Debug|Any CPU
		{967631A7-6B6F-4372-8AD7-39717247E7DD}.Debug|x86.Build.0 = Debug|Any CPU
		{967631A7-6B6F-4372-8AD7-39717247E7DD}.Release|Any CPU.ActiveCfg = Release|Any CPU
		{967631A7-6B6F-4372-8AD7-39717247E7DD}.Release|Any CPU.Build.0 = Release|Any CPU
		{967631A7-6B6F-4372-8AD7-39717247E7DD}.Release|x64.ActiveCfg = Release|Any CPU
		{967631A7-6B6F-4372-8AD7-39717247E7DD}.Release|x64.Build.0 = Release|Any CPU
		{967631A7-6B6F-4372-8AD7-39717247E7DD}.Release|x86.ActiveCfg = Release|Any CPU
		{967631A7-6B6F-4372-8AD7-39717247E7DD}.Release|x86.Build.0 = Release|Any CPU
		{B0A4ABB7-3CC5-4EEE-8B11-D1931C7F8205}.Debug|Any CPU.ActiveCfg = Debug|Any CPU
		{B0A4ABB7-3CC5-4EEE-8B11-D1931C7F8205}.Debug|Any CPU.Build.0 = Debug|Any CPU
		{B0A4ABB7-3CC5-4EEE-8B11-D1931C7F8205}.Debug|x64.ActiveCfg = Debug|Any CPU
		{B0A4ABB7-3CC5-4EEE-8B11-D1931C7F8205}.Debug|x64.Build.0 = Debug|Any CPU
		{B0A4ABB7-3CC5-4EEE-8B11-D1931C7F8205}.Debug|x86.ActiveCfg = Debug|Any CPU
		{B0A4ABB7-3CC5-4EEE-8B11-D1931C7F8205}.Debug|x86.Build.0 = Debug|Any CPU
		{B0A4ABB7-3CC5-4EEE-8B11-D1931C7F8205}.Release|Any CPU.ActiveCfg = Release|Any CPU
		{B0A4ABB7-3CC5-4EEE-8B11-D1931C7F8205}.Release|Any CPU.Build.0 = Release|Any CPU
		{B0A4ABB7-3CC5-4EEE-8B11-D1931C7F8205}.Release|x64.ActiveCfg = Release|Any CPU
		{B0A4ABB7-3CC5-4EEE-8B11-D1931C7F8205}.Release|x64.Build.0 = Release|Any CPU
		{B0A4ABB7-3CC5-4EEE-8B11-D1931C7F8205}.Release|x86.ActiveCfg = Release|Any CPU
		{B0A4ABB7-3CC5-4EEE-8B11-D1931C7F8205}.Release|x86.Build.0 = Release|Any CPU
		{87920B71-2F60-4C9A-8A90-3FDF382EA906}.Debug|Any CPU.ActiveCfg = Debug|Any CPU
		{87920B71-2F60-4C9A-8A90-3FDF382EA906}.Debug|Any CPU.Build.0 = Debug|Any CPU
		{87920B71-2F60-4C9A-8A90-3FDF382EA906}.Debug|x64.ActiveCfg = Debug|Any CPU
		{87920B71-2F60-4C9A-8A90-3FDF382EA906}.Debug|x64.Build.0 = Debug|Any CPU
		{87920B71-2F60-4C9A-8A90-3FDF382EA906}.Debug|x86.ActiveCfg = Debug|Any CPU
		{87920B71-2F60-4C9A-8A90-3FDF382EA906}.Debug|x86.Build.0 = Debug|Any CPU
		{87920B71-2F60-4C9A-8A90-3FDF382EA906}.Release|Any CPU.ActiveCfg = Release|Any CPU
		{87920B71-2F60-4C9A-8A90-3FDF382EA906}.Release|Any CPU.Build.0 = Release|Any CPU
		{87920B71-2F60-4C9A-8A90-3FDF382EA906}.Release|x64.ActiveCfg = Release|Any CPU
		{87920B71-2F60-4C9A-8A90-3FDF382EA906}.Release|x64.Build.0 = Release|Any CPU
		{87920B71-2F60-4C9A-8A90-3FDF382EA906}.Release|x86.ActiveCfg = Release|Any CPU
		{87920B71-2F60-4C9A-8A90-3FDF382EA906}.Release|x86.Build.0 = Release|Any CPU
		{44574503-6513-44C6-9193-05AFA4D398F9}.Debug|Any CPU.ActiveCfg = Debug|Any CPU
		{44574503-6513-44C6-9193-05AFA4D398F9}.Debug|Any CPU.Build.0 = Debug|Any CPU
		{44574503-6513-44C6-9193-05AFA4D398F9}.Debug|x64.ActiveCfg = Debug|Any CPU
		{44574503-6513-44C6-9193-05AFA4D398F9}.Debug|x64.Build.0 = Debug|Any CPU
		{44574503-6513-44C6-9193-05AFA4D398F9}.Debug|x86.ActiveCfg = Debug|Any CPU
		{44574503-6513-44C6-9193-05AFA4D398F9}.Debug|x86.Build.0 = Debug|Any CPU
		{44574503-6513-44C6-9193-05AFA4D398F9}.Release|Any CPU.ActiveCfg = Release|Any CPU
		{44574503-6513-44C6-9193-05AFA4D398F9}.Release|Any CPU.Build.0 = Release|Any CPU
		{44574503-6513-44C6-9193-05AFA4D398F9}.Release|x64.ActiveCfg = Release|Any CPU
		{44574503-6513-44C6-9193-05AFA4D398F9}.Release|x64.Build.0 = Release|Any CPU
		{44574503-6513-44C6-9193-05AFA4D398F9}.Release|x86.ActiveCfg = Release|Any CPU
		{44574503-6513-44C6-9193-05AFA4D398F9}.Release|x86.Build.0 = Release|Any CPU
		{65130F95-BAD2-429A-8583-C7D128C5FA15}.Debug|Any CPU.ActiveCfg = Debug|Any CPU
		{65130F95-BAD2-429A-8583-C7D128C5FA15}.Debug|Any CPU.Build.0 = Debug|Any CPU
		{65130F95-BAD2-429A-8583-C7D128C5FA15}.Debug|x64.ActiveCfg = Debug|Any CPU
		{65130F95-BAD2-429A-8583-C7D128C5FA15}.Debug|x64.Build.0 = Debug|Any CPU
		{65130F95-BAD2-429A-8583-C7D128C5FA15}.Debug|x86.ActiveCfg = Debug|Any CPU
		{65130F95-BAD2-429A-8583-C7D128C5FA15}.Debug|x86.Build.0 = Debug|Any CPU
		{65130F95-BAD2-429A-8583-C7D128C5FA15}.Release|Any CPU.ActiveCfg = Release|Any CPU
		{65130F95-BAD2-429A-8583-C7D128C5FA15}.Release|Any CPU.Build.0 = Release|Any CPU
		{65130F95-BAD2-429A-8583-C7D128C5FA15}.Release|x64.ActiveCfg = Release|Any CPU
		{65130F95-BAD2-429A-8583-C7D128C5FA15}.Release|x64.Build.0 = Release|Any CPU
		{65130F95-BAD2-429A-8583-C7D128C5FA15}.Release|x86.ActiveCfg = Release|Any CPU
		{65130F95-BAD2-429A-8583-C7D128C5FA15}.Release|x86.Build.0 = Release|Any CPU
		{4CB1700A-A917-457E-BD76-8FC24B992CB9}.Debug|Any CPU.ActiveCfg = Debug|Any CPU
		{4CB1700A-A917-457E-BD76-8FC24B992CB9}.Debug|Any CPU.Build.0 = Debug|Any CPU
		{4CB1700A-A917-457E-BD76-8FC24B992CB9}.Debug|x64.ActiveCfg = Debug|Any CPU
		{4CB1700A-A917-457E-BD76-8FC24B992CB9}.Debug|x64.Build.0 = Debug|Any CPU
		{4CB1700A-A917-457E-BD76-8FC24B992CB9}.Debug|x86.ActiveCfg = Debug|Any CPU
		{4CB1700A-A917-457E-BD76-8FC24B992CB9}.Debug|x86.Build.0 = Debug|Any CPU
		{4CB1700A-A917-457E-BD76-8FC24B992CB9}.Release|Any CPU.ActiveCfg = Release|Any CPU
		{4CB1700A-A917-457E-BD76-8FC24B992CB9}.Release|Any CPU.Build.0 = Release|Any CPU
		{4CB1700A-A917-457E-BD76-8FC24B992CB9}.Release|x64.ActiveCfg = Release|Any CPU
		{4CB1700A-A917-457E-BD76-8FC24B992CB9}.Release|x64.Build.0 = Release|Any CPU
		{4CB1700A-A917-457E-BD76-8FC24B992CB9}.Release|x86.ActiveCfg = Release|Any CPU
		{4CB1700A-A917-457E-BD76-8FC24B992CB9}.Release|x86.Build.0 = Release|Any CPU
		{BC121954-509E-4FFC-9CFF-2F9D3687CA30}.Debug|Any CPU.ActiveCfg = Debug|Any CPU
		{BC121954-509E-4FFC-9CFF-2F9D3687CA30}.Debug|Any CPU.Build.0 = Debug|Any CPU
		{BC121954-509E-4FFC-9CFF-2F9D3687CA30}.Debug|x64.ActiveCfg = Debug|Any CPU
		{BC121954-509E-4FFC-9CFF-2F9D3687CA30}.Debug|x64.Build.0 = Debug|Any CPU
		{BC121954-509E-4FFC-9CFF-2F9D3687CA30}.Debug|x86.ActiveCfg = Debug|Any CPU
		{BC121954-509E-4FFC-9CFF-2F9D3687CA30}.Debug|x86.Build.0 = Debug|Any CPU
		{BC121954-509E-4FFC-9CFF-2F9D3687CA30}.Release|Any CPU.ActiveCfg = Release|Any CPU
		{BC121954-509E-4FFC-9CFF-2F9D3687CA30}.Release|Any CPU.Build.0 = Release|Any CPU
		{BC121954-509E-4FFC-9CFF-2F9D3687CA30}.Release|x64.ActiveCfg = Release|Any CPU
		{BC121954-509E-4FFC-9CFF-2F9D3687CA30}.Release|x64.Build.0 = Release|Any CPU
		{BC121954-509E-4FFC-9CFF-2F9D3687CA30}.Release|x86.ActiveCfg = Release|Any CPU
		{BC121954-509E-4FFC-9CFF-2F9D3687CA30}.Release|x86.Build.0 = Release|Any CPU
		{DBEE7ECB-1DEB-45C0-ADBA-0BFE3A8289D8}.Debug|Any CPU.ActiveCfg = Debug|Any CPU
		{DBEE7ECB-1DEB-45C0-ADBA-0BFE3A8289D8}.Debug|Any CPU.Build.0 = Debug|Any CPU
		{DBEE7ECB-1DEB-45C0-ADBA-0BFE3A8289D8}.Debug|x64.ActiveCfg = Debug|Any CPU
		{DBEE7ECB-1DEB-45C0-ADBA-0BFE3A8289D8}.Debug|x64.Build.0 = Debug|Any CPU
		{DBEE7ECB-1DEB-45C0-ADBA-0BFE3A8289D8}.Debug|x86.ActiveCfg = Debug|Any CPU
		{DBEE7ECB-1DEB-45C0-ADBA-0BFE3A8289D8}.Debug|x86.Build.0 = Debug|Any CPU
		{DBEE7ECB-1DEB-45C0-ADBA-0BFE3A8289D8}.Release|Any CPU.ActiveCfg = Release|Any CPU
		{DBEE7ECB-1DEB-45C0-ADBA-0BFE3A8289D8}.Release|Any CPU.Build.0 = Release|Any CPU
		{DBEE7ECB-1DEB-45C0-ADBA-0BFE3A8289D8}.Release|x64.ActiveCfg = Release|Any CPU
		{DBEE7ECB-1DEB-45C0-ADBA-0BFE3A8289D8}.Release|x64.Build.0 = Release|Any CPU
		{DBEE7ECB-1DEB-45C0-ADBA-0BFE3A8289D8}.Release|x86.ActiveCfg = Release|Any CPU
		{DBEE7ECB-1DEB-45C0-ADBA-0BFE3A8289D8}.Release|x86.Build.0 = Release|Any CPU
		{A75B32A7-EC3D-46EC-B425-23D44D719980}.Debug|Any CPU.ActiveCfg = Debug|Any CPU
		{A75B32A7-EC3D-46EC-B425-23D44D719980}.Debug|Any CPU.Build.0 = Debug|Any CPU
		{A75B32A7-EC3D-46EC-B425-23D44D719980}.Debug|x64.ActiveCfg = Debug|Any CPU
		{A75B32A7-EC3D-46EC-B425-23D44D719980}.Debug|x64.Build.0 = Debug|Any CPU
		{A75B32A7-EC3D-46EC-B425-23D44D719980}.Debug|x86.ActiveCfg = Debug|Any CPU
		{A75B32A7-EC3D-46EC-B425-23D44D719980}.Debug|x86.Build.0 = Debug|Any CPU
		{A75B32A7-EC3D-46EC-B425-23D44D719980}.Release|Any CPU.ActiveCfg = Release|Any CPU
		{A75B32A7-EC3D-46EC-B425-23D44D719980}.Release|Any CPU.Build.0 = Release|Any CPU
		{A75B32A7-EC3D-46EC-B425-23D44D719980}.Release|x64.ActiveCfg = Release|Any CPU
		{A75B32A7-EC3D-46EC-B425-23D44D719980}.Release|x64.Build.0 = Release|Any CPU
		{A75B32A7-EC3D-46EC-B425-23D44D719980}.Release|x86.ActiveCfg = Release|Any CPU
		{A75B32A7-EC3D-46EC-B425-23D44D719980}.Release|x86.Build.0 = Release|Any CPU
	EndGlobalSection
	GlobalSection(SolutionProperties) = preSolution
		HideSolutionNode = FALSE
	EndGlobalSection
EndGlobal
